
Microsoft Visual Studio Solution File, Format Version 12.00
# Visual Studio Version 17
VisualStudioVersion = 17.6.33801.468
MinimumVisualStudioVersion = 10.0.40219.1
Project("{FAE04EC0-301F-11D3-BF4B-00C04F79EFBC}") = "t3", "t3\t3.csproj", "{EA86C6E1-E69E-4320-8891-2FBAC12F587C}"
EndProject
Global
	GlobalSection(SolutionConfigurationPlatforms) = preSolution
		Debug|Any CPU = Debug|Any CPU
		Release|Any CPU = Release|Any CPU
	EndGlobalSection
	GlobalSection(ProjectConfigurationPlatforms) = postSolution
		{EA86C6E1-E69E-4320-8891-2FBAC12F587C}.Debug|Any CPU.ActiveCfg = Debug|Any CPU
		{EA86C6E1-E69E-4320-8891-2FBAC12F587C}.Debug|Any CPU.Build.0 = Debug|Any CPU
		{EA86C6E1-E69E-4320-8891-2FBAC12F587C}.Release|Any CPU.ActiveCfg = Release|Any CPU
		{EA86C6E1-E69E-4320-8891-2FBAC12F587C}.Release|Any CPU.Build.0 = Release|Any CPU
	EndGlobalSection
	GlobalSection(SolutionProperties) = preSolution
		HideSolutionNode = FALSE
	EndGlobalSection
	GlobalSection(ExtensibilityGlobals) = postSolution
		SolutionGuid = {B3CB37A5-A1DB-492C-9AA1-2A0D445E2FE0}
	EndGlobalSection
EndGlobal
